{
  "name": "imagesfilter",
  "version": "1.0.0",
  "lockfileVersion": 2,
  "requires": true,
  "packages": {
    "": {
      "name": "imagesfilter",
      "version": "1.0.0",
      "license": "ISC",
      "devDependencies": {
        "fs-extra": "^9.0.1",
        "is-image": "^3.0.0"
      }
    },
    "node_modules/at-least-node": {
      "version": "1.0.0",
      "dev": true,
      "license": "ISC",
      "engines": {
        "node": ">= 4.0.0"
      }
    },
    "node_modules/fs-extra": {
      "version": "9.0.1",
      "dev": true,
      "license": "MIT",
      "dependencies": {
        "at-least-node": "^1.0.0",
        "graceful-fs": "^4.2.0",
        "jsonfile": "^6.0.1",
        "universalify": "^1.0.0"
      },
      "engines": {
        "node": ">=10"
      }
    },
    "node_modules/graceful-fs": {
      "version": "4.2.4",
      "dev": true,
      "license": "ISC"
    },
    "node_modules/image-extensions": {
      "version": "1.1.0",
      "dev": true,
      "license": "MIT",
      "engines": {
        "node": ">=0.10.0"
      }
    },
    "node_modules/is-image": {
      "version": "3.0.0",
      "dev": true,
      "license": "MIT",
      "dependencies": {
        "image-extensions": "^1.1.0"
      },
      "engines": {
        "node": ">=8"
      }
    },
    "node_modules/jsonfile": {
      "version": "6.0.1",
      "dev": true,
      "license": "MIT",
      "dependencies": {
        "universalify": "^1.0.0"
      },
      "optionalDependencies": {
        "graceful-fs": "^4.1.6"
      }
    },
    "node_modules/universalify": {
      "version": "1.0.0",
      "dev": true,
      "license": "MIT",
      "engines": {
        "node": ">= 10.0.0"
      }
    }
  },
  "dependencies": {
    "at-least-node": {
      "version": "1.0.0",
      "dev": true
    },
    "fs-extra": {
      "version": "9.0.1",
      "dev": true,
      "requires": {
        "at-least-node": "^1.0.0",
        "graceful-fs": "^4.2.0",
        "jsonfile": "^6.0.1",
        "universalify": "^1.0.0"
      }
    },
    "graceful-fs": {
      "version": "4.2.4",
      "dev": true
    },
    "image-extensions": {
      "version": "1.1.0",
      "dev": true
    },
    "is-image": {
      "version": "3.0.0",
      "dev": true,
      "requires": {
        "image-extensions": "^1.1.0"
      }
    },
    "jsonfile": {
      "version": "6.0.1",
      "dev": true,
      "requires": {
        "graceful-fs": "^4.1.6",
        "universalify": "^1.0.0"
      }
    },
    "universalify": {
      "version": "1.0.0",
      "dev": true
    }
  }
}
